// !$*UTF8*$!
{
	archiveVersion = 1;
	classes = {
	};
	objectVersion = 46;
	objects = {

/* Begin PBXBuildFile section */
		2063B8391C5AB331001B3299 /* AppDelegate.swift in Sources */ = {isa = PBXBuildFile; fileRef = 2063B8381C5AB331001B3299 /* AppDelegate.swift */; };
		2063B83B1C5AB331001B3299 /* ViewController.swift in Sources */ = {isa = PBXBuildFile; fileRef = 2063B83A1C5AB331001B3299 /* ViewController.swift */; };
		2063B83E1C5AB331001B3299 /* Main.storyboard in Resources */ = {isa = PBXBuildFile; fileRef = 2063B83C1C5AB331001B3299 /* Main.storyboard */; };
		2063B8401C5AB332001B3299 /* Assets.xcassets in Resources */ = {isa = PBXBuildFile; fileRef = 2063B83F1C5AB332001B3299 /* Assets.xcassets */; };
		2063B8431C5AB332001B3299 /* LaunchScreen.storyboard in Resources */ = {isa = PBXBuildFile; fileRef = 2063B8411C5AB332001B3299 /* LaunchScreen.storyboard */; };
		2063B84D1C5AC298001B3299 /* settingsViewController.swift in Sources */ = {isa = PBXBuildFile; fileRef = 2063B84C1C5AC298001B3299 /* settingsViewController.swift */; };
		2063B84F1C5AC6E6001B3299 /* searchViewController.swift in Sources */ = {isa = PBXBuildFile; fileRef = 2063B84E1C5AC6E6001B3299 /* searchViewController.swift */; };
/* End PBXBuildFile section */

/* Begin PBXFileReference section */
		2063B8351C5AB331001B3299 /* week1_lab-google.app */ = {isa = PBXFileReference; explicitFileType = wrapper.application; includeInIndex = 0; path = "week1_lab-google.app"; sourceTree = BUILT_PRODUCTS_DIR; };
		2063B8381C5AB331001B3299 /* AppDelegate.swift */ = {isa = PBXFileReference; lastKnownFileType = sourcecode.swift; path = AppDelegate.swift; sourceTree = "<group>"; };
		2063B83A1C5AB331001B3299 /* ViewController.swift */ = {isa = PBXFileReference; lastKnownFileType = sourcecode.swift; path = ViewController.swift; sourceTree = "<group>"; };
		2063B83D1C5AB331001B3299 /* Base */ = {isa = PBXFileReference; lastKnownFileType = file.storyboard; name = Base; path = Base.lproj/Main.storyboard; sourceTree = "<group>"; };
		2063B83F1C5AB332001B3299 /* Assets.xcassets */ = {isa = PBXFileReference; lastKnownFileType = folder.assetcatalog; path = Assets.xcassets; sourceTree = "<group>"; };
		2063B8421C5AB332001B3299 /* Base */ = {isa = PBXFileReference; lastKnownFileType = file.storyboard; name = Base; path = Base.lproj/LaunchScreen.storyboard; sourceTree = "<group>"; };
		2063B8441C5AB332001B3299 /* Info.plist */ = {isa = PBXFileReference; lastKnownFileType = text.plist.xml; path = Info.plist; sourceTree = "<group>"; };
		2063B84C1C5AC298001B3299 /* settingsViewController.swift */ = {isa = PBXFileReference; fileEncoding = 4; lastKnownFileType = sourcecode.swift; path = settingsViewController.swift; sourceTree = "<group>"; };
		2063B84E1C5AC6E6001B3299 /* searchViewController.swift */ = {isa = PBXFileReference; fileEncoding = 4; lastKnownFileType = sourcecode.swift; path = searchViewController.swift; sourceTree = "<group>"; };
/* End PBXFileReference section */

/* Begin PBXFrameworksBuildPhase section */
		2063B8321C5AB331001B3299 /* Frameworks */ = {
			isa = PBXFrameworksBuildPhase;
			buildActionMask = 2147483647;
			files = (
			);
			runOnlyForDeploymentPostprocessing = 0;
		};
/* End PBXFrameworksBuildPhase section */

/* Begin PBXGroup section */
		2063B82C1C5AB331001B3299 = {
			isa = PBXGroup;
			children = (
				2063B8371C5AB331001B3299 /* week1_lab-google */,
				2063B8361C5AB331001B3299 /* Products */,
			);
			sourceTree = "<group>";
		};
		2063B8361C5AB331001B3299 /* Products */ = {
			isa = PBXGroup;
			children = (
				2063B8351C5AB331001B3299 /* week1_lab-google.app */,
			);
			name = Products;
			sourceTree = "<group>";
		};
		2063B8371C5AB331001B3299 /* week1_lab-google */ = {
			isa = PBXGroup;
			children = (
				2063B8381C5AB331001B3299 /* AppDelegate.swift */,
				2063B83A1C5AB331001B3299 /* ViewController.swift */,
				2063B83C1C5AB331001B3299 /* Main.storyboard */,
				2063B84E1C5AC6E6001B3299 /* searchViewController.swift */,
				2063B84C1C5AC298001B3299 /* settingsViewController.swift */,
				2063B83F1C5AB332001B3299 /* Assets.xcassets */,
				2063B8411C5AB332001B3299 /* LaunchScreen.storyboard */,
				2063B8441C5AB332001B3299 /* Info.plist */,
			);
			path = "week1_lab-google";
			sourceTree = "<group>";
		};
/* End PBXGroup section */

/* Begin PBXNativeTarget section */
		2063B8341C5AB331001B3299 /* week1_lab-google */ = {
			isa = PBXNativeTarget;
			buildConfigurationList = 2063B8471C5AB332001B3299 /* Build configuration list for PBXNativeTarget "week1_lab-google" */;
			buildPhases = (
				2063B8311C5AB331001B3299 /* Sources */,
				2063B8321C5AB331001B3299 /* Frameworks */,
				2063B8331C5AB331001B3299 /* Resources */,
			);
			buildRules = (
			);
			dependencies = (
			);
			name = "week1_lab-google";
			productName = "week1_lab-google";
			productReference = 2063B8351C5AB331001B3299 /* week1_lab-google.app */;
			productType = "com.apple.product-type.application";
		};
/* End PBXNativeTarget section */

/* Begin PBXProject section */
		2063B82D1C5AB331001B3299 /* Project object */ = {
			isa = PBXProject;
			attributes = {
				LastSwiftUpdateCheck = 0720;
				LastUpgradeCheck = 0720;
				ORGANIZATIONNAME = "Bobby Smith";
				TargetAttributes = {
					2063B8341C5AB331001B3299 = {
						CreatedOnToolsVersion = 7.2;
					};
				};
			};
			buildConfigurationList = 2063B8301C5AB331001B3299 /* Build configuration list for PBXProject "week1_lab-google" */;
			compatibilityVersion = "Xcode 3.2";
			developmentRegion = English;
			hasScannedForEncodings = 0;
			knownRegions = (
				en,
				Base,
			);
			mainGroup = 2063B82C1C5AB331001B3299;
			productRefGroup = 2063B8361C5AB331001B3299 /* Products */;
			projectDirPath = "";
			projectRoot = "";
			targets = (
				2063B8341C5AB331001B3299 /* week1_lab-google */,
			);
		};
/* End PBXProject section */

/* Begin PBXResourcesBuildPhase section */
		2063B8331C5AB331001B3299 /* Resources */ = {
			isa = PBXResourcesBuildPhase;
			buildActionMask = 2147483647;
			files = (
				2063B8431C5AB332001B3299 /* LaunchScreen.storyboard in Resources */,
				2063B8401C5AB332001B3299 /* Assets.xcassets in Resources */,
				2063B83E1C5AB331001B3299 /* Main.storyboard in Resources */,
			);
			runOnlyForDeploymentPostprocessing = 0;
		};
/* End PBXResourcesBuildPhase section */

/* Begin PBXSourcesBuildPhase section */
		2063B8311C5AB331001B3299 /* Sources */ = {
			isa = PBXSourcesBuildPhase;
			buildActionMask = 2147483647;
			files = (
				2063B83B1C5AB331001B3299 /* ViewController.swift in Sources */,
				2063B8391C5AB331001B3299 /* AppDelegate.swift in Sources */,
				2063B84F1C5AC6E6001B3299 /* searchViewController.swift in Sources */,
				2063B84D1C5AC298001B3299 /* settingsViewController.swift in Sources */,
			);
			runOnlyForDeploymentPostprocessing = 0;
		};
/* End PBXSourcesBuildPhase section */

/* Begin PBXVariantGroup section */
		2063B83C1C5AB331001B3299 /* Main.storyboard */ = {
			isa = PBXVariantGroup;
			children = (
				2063B83D1C5AB331001B3299 /* Base */,
			);
			name = Main.storyboard;
			sourceTree = "<group>";
		};
		2063B8411C5AB332001B3299 /* LaunchScreen.storyboard */ = {
			isa = PBXVariantGroup;
			children = (
				2063B8421C5AB332001B3299 /* Base */,
			);
			name = LaunchScreen.storyboard;
			sourceTree = "<group>";
		};
/* End PBXVariantGroup section */

/* Begin XCBuildConfiguration section */
		2063B8451C5AB332001B3299 /* Debug */ = {
			isa = XCBuildConfiguration;
			buildSettings = {
				ALWAYS_SEARCH_USER_PATHS = NO;
				CLANG_CXX_LANGUAGE_STANDARD = "gnu++0x";
				CLANG_CXX_LIBRARY = "libc++";
				CLANG_ENABLE_MODULES = YES;
				CLANG_ENABLE_OBJC_ARC = YES;
				CLANG_WARN_BOOL_CONVERSION = YES;
				CLANG_WARN_CONSTANT_CONVERSION = YES;
				CLANG_WARN_DIRECT_OBJC_ISA_USAGE = YES_ERROR;
				CLANG_WARN_EMPTY_BODY = YES;
				CLANG_WARN_ENUM_CONVERSION = YES;
				CLANG_WARN_INT_CONVERSION = YES;
				CLANG_WARN_OBJC_ROOT_CLASS = YES_ERROR;
				CLANG_WARN_UNREACHABLE_CODE = YES;
				CLANG_WARN__DUPLICATE_METHOD_MATCH = YES;
				"CODE_SIGN_IDENTITY[sdk=iphoneos*]" = "iPhone Developer";
				COPY_PHASE_STRIP = NO;
				DEBUG_INFORMATION_FORMAT = dwarf;
				ENABLE_STRICT_OBJC_MSGSEND = YES;
				ENABLE_TESTABILITY = YES;
				GCC_C_LANGUAGE_STANDARD = gnu99;
				GCC_DYNAMIC_NO_PIC = NO;
				GCC_NO_COMMON_BLOCKS = YES;
				GCC_OPTIMIZATION_LEVEL = 0;
				GCC_PREPROCESSOR_DEFINITIONS = (
					"DEBUG=1",
					"$(inherited)",
				);
				GCC_WARN_64_TO_32_BIT_CONVERSION = YES;
				GCC_WARN_ABOUT_RETURN_TYPE = YES_ERROR;
				GCC_WARN_UNDECLARED_SELECTOR = YES;
				GCC_WARN_UNINITIALIZED_AUTOS = YES_AGGRESSIVE;
				GCC_WARN_UNUSED_FUNCTION = YES;
				GCC_WARN_UNUSED_VARIABLE = YES;
				IPHONEOS_DEPLOYMENT_TARGET = 9.2;
				MTL_ENABLE_DEBUG_INFO = YES;
				ONLY_ACTIVE_ARCH = YES;
				SDKROOT = iphoneos;
				SWIFT_OPTIMIZATION_LEVEL = "-Onone";
			};
			name = Debug;
		};
		2063B8461C5AB332001B3299 /* Release */ = {
			isa = XCBuildConfiguration;
			buildSettings = {
				ALWAYS_SEARCH_USER_PATHS = NO;
				CLANG_CXX_LANGUAGE_STANDARD = "gnu++0x";
				CLANG_CXX_LIBRARY = "libc++";
				CLANG_ENABLE_MODULES = YES;
				CLANG_ENABLE_OBJC_ARC = YES;
				CLANG_WARN_BOOL_CONVERSION = YES;
				CLANG_WARN_CONSTANT_CONVERSION = YES;
				CLANG_WARN_DIRECT_OBJC_ISA_USAGE = YES_ERROR;
				CLANG_WARN_EMPTY_BODY = YES;
				CLANG_WARN_ENUM_CONVERSION = YES;
				CLANG_WARN_INT_CONVERSION = YES;
				CLANG_WARN_OBJC_ROOT_CLASS = YES_ERROR;
				CLANG_WARN_UNREACHABLE_CODE = YES;
				CLANG_WARN__DUPLICATE_METHOD_MATCH = YES;
				"CODE_SIGN_IDENTITY[sdk=iphoneos*]" = "iPhone Developer";
				COPY_PHASE_STRIP = NO;
				DEBUG_INFORMATION_FORMAT = "dwarf-with-dsym";
				ENABLE_NS_ASSERTIONS = NO;
				ENABLE_STRICT_OBJC_MSGSEND = YES;
				GCC_C_LANGUAGE_STANDARD = gnu99;
				GCC_NO_COMMON_BLOCKS = YES;
				GCC_WARN_64_TO_32_BIT_CONVERSION = YES;
				GCC_WARN_ABOUT_RETURN_TYPE = YES_ERROR;
				GCC_WARN_UNDECLARED_SELECTOR = YES;
				GCC_WARN_UNINITIALIZED_AUTOS = YES_AGGRESSIVE;
				GCC_WARN_UNUSED_FUNCTION = YES;
				GCC_WARN_UNUSED_VARIABLE = YES;
				IPHONEOS_DEPLOYMENT_TARGET = 9.2;
				MTL_ENABLE_DEBUG_INFO = NO;
				SDKROOT = iphoneos;
				VALIDATE_PRODUCT = YES;
			};
			name = Release;
		};
		2063B8481C5AB332001B3299 /* Debug */ = {
			isa = XCBuildConfiguration;
			buildSettings = {
				ASSETCATALOG_COMPILER_APPICON_NAME = AppIcon;
				INFOPLIST_FILE = "week1_lab-google/Info.plist";
				LD_RUNPATH_SEARCH_PATHS = "$(inherited) @executable_path/Frameworks";
				PRODUCT_BUNDLE_IDENTIFIER = "reversetype.week1-lab-google";
				PRODUCT_NAME = "$(TARGET_NAME)";
			};
			name = Debug;
		};
		2063B8491C5AB332001B3299 /* Release */ = {
			isa = XCBuildConfiguration;
			buildSettings = {
				ASSETCATALOG_COMPILER_APPICON_NAME = AppIcon;
				INFOPLIST_FILE = "week1_lab-google/Info.plist";
				LD_RUNPATH_SEARCH_PATHS = "$(inherited) @executable_path/Frameworks";
				PRODUCT_BUNDLE_IDENTIFIER = "reversetype.week1-lab-google";
				PRODUCT_NAME = "$(TARGET_NAME)";
			};
			name = Release;
		};
/* End XCBuildConfiguration section */

/* Begin XCConfigurationList section */
		2063B8301C5AB331001B3299 /* Build configuration list for PBXProject "week1_lab-google" */ = {
			isa = XCConfigurationList;
			buildConfigurations = (
				2063B8451C5AB332001B3299 /* Debug */,
				2063B8461C5AB332001B3299 /* Release */,
			);
			defaultConfigurationIsVisible = 0;
			defaultConfigurationName = Release;
		};
		2063B8471C5AB332001B3299 /* Build configuration list for PBXNativeTarget "week1_lab-google" */ = {
			isa = XCConfigurationList;
			buildConfigurations = (
				2063B8481C5AB332001B3299 /* Debug */,
				2063B8491C5AB332001B3299 /* Release */,
			);
			defaultConfigurationIsVisible = 0;
		};
/* End XCConfigurationList section */
	};
	rootObject = 2063B82D1C5AB331001B3299 /* Project object */;
}
